
Microsoft Visual Studio Solution File, Format Version 12.00
# Visual Studio Version 17
VisualStudioVersion = 17.2.32630.192
MinimumVisualStudioVersion = 10.0.40219.1
Project("{FAE04EC0-301F-11D3-BF4B-00C04F79EFBC}") = "Task1", "Task1.csproj", "{DC161C93-9D82-4825-8695-D485B4A40D25}"
EndProject
Global
	GlobalSection(SolutionConfigurationPlatforms) = preSolution
		Debug|Any CPU = Debug|Any CPU
		Release|Any CPU = Release|Any CPU
	EndGlobalSection
	GlobalSection(ProjectConfigurationPlatforms) = postSolution
		{DC161C93-9D82-4825-8695-D485B4A40D25}.Debug|Any CPU.ActiveCfg = Debug|Any CPU
		{DC161C93-9D82-4825-8695-D485B4A40D25}.Debug|Any CPU.Build.0 = Debug|Any CPU
		{DC161C93-9D82-4825-8695-D485B4A40D25}.Release|Any CPU.ActiveCfg = Release|Any CPU
		{DC161C93-9D82-4825-8695-D485B4A40D25}.Release|Any CPU.Build.0 = Release|Any CPU
	EndGlobalSection
	GlobalSection(SolutionProperties) = preSolution
		HideSolutionNode = FALSE
	EndGlobalSection
	GlobalSection(ExtensibilityGlobals) = postSolution
		SolutionGuid = {E176DB3B-00C7-4B03-A8F2-B29D2C0D46DA}
	EndGlobalSection
EndGlobal
