
Microsoft Visual Studio Solution File, Format Version 12.00
# Visual Studio 15
VisualStudioVersion = 15.0.28307.329
MinimumVisualStudioVersion = 10.0.40219.1
Project("{FAE04EC0-301F-11D3-BF4B-00C04F79EFBC}") = "RSA_sign", "RSA_sign\RSA_sign.csproj", "{CA066E0D-BE75-4CE5-A5E4-2135D6753937}"
EndProject
Project("{FAE04EC0-301F-11D3-BF4B-00C04F79EFBC}") = "Ell-Gamal_sign", "Ell-Gamal_sign\Ell-Gamal_sign.csproj", "{F12F3800-77AA-41C0-B920-391F4FFC63BC}"
EndProject
Project("{FAE04EC0-301F-11D3-BF4B-00C04F79EFBC}") = "Shorn_sign", "Shorn_sign\Shorn_sign.csproj", "{C66EB8B7-CE3D-4B5C-A157-3979B27286C7}"
EndProject
Global
	GlobalSection(SolutionConfigurationPlatforms) = preSolution
		Debug|Any CPU = Debug|Any CPU
		Release|Any CPU = Release|Any CPU
	EndGlobalSection
	GlobalSection(ProjectConfigurationPlatforms) = postSolution
		{CA066E0D-BE75-4CE5-A5E4-2135D6753937}.Debug|Any CPU.ActiveCfg = Debug|Any CPU
		{CA066E0D-BE75-4CE5-A5E4-2135D6753937}.Debug|Any CPU.Build.0 = Debug|Any CPU
		{CA066E0D-BE75-4CE5-A5E4-2135D6753937}.Release|Any CPU.ActiveCfg = Release|Any CPU
		{CA066E0D-BE75-4CE5-A5E4-2135D6753937}.Release|Any CPU.Build.0 = Release|Any CPU
		{F12F3800-77AA-41C0-B920-391F4FFC63BC}.Debug|Any CPU.ActiveCfg = Debug|Any CPU
		{F12F3800-77AA-41C0-B920-391F4FFC63BC}.Debug|Any CPU.Build.0 = Debug|Any CPU
		{F12F3800-77AA-41C0-B920-391F4FFC63BC}.Release|Any CPU.ActiveCfg = Release|Any CPU
		{F12F3800-77AA-41C0-B920-391F4FFC63BC}.Release|Any CPU.Build.0 = Release|Any CPU
		{C66EB8B7-CE3D-4B5C-A157-3979B27286C7}.Debug|Any CPU.ActiveCfg = Debug|Any CPU
		{C66EB8B7-CE3D-4B5C-A157-3979B27286C7}.Debug|Any CPU.Build.0 = Debug|Any CPU
		{C66EB8B7-CE3D-4B5C-A157-3979B27286C7}.Release|Any CPU.ActiveCfg = Release|Any CPU
		{C66EB8B7-CE3D-4B5C-A157-3979B27286C7}.Release|Any CPU.Build.0 = Release|Any CPU
	EndGlobalSection
	GlobalSection(SolutionProperties) = preSolution
		HideSolutionNode = FALSE
	EndGlobalSection
	GlobalSection(ExtensibilityGlobals) = postSolution
		SolutionGuid = {73930EF4-E407-4D59-A94B-49C6FD1CC137}
	EndGlobalSection
EndGlobal
