
Microsoft Visual Studio Solution File, Format Version 12.00
# Visual Studio Version 16
VisualStudioVersion = 16.0.31829.152
MinimumVisualStudioVersion = 10.0.40219.1
Project("{FAE04EC0-301F-11D3-BF4B-00C04F79EFBC}") = "Lab3", "Lab3\Lab3.csproj", "{3CF6F507-6A84-4EEE-BA2A-69247FA5529E}"
EndProject
Global
	GlobalSection(SolutionConfigurationPlatforms) = preSolution
		Debug|Any CPU = Debug|Any CPU
		Release|Any CPU = Release|Any CPU
	EndGlobalSection
	GlobalSection(ProjectConfigurationPlatforms) = postSolution
		{3CF6F507-6A84-4EEE-BA2A-69247FA5529E}.Debug|Any CPU.ActiveCfg = Debug|Any CPU
		{3CF6F507-6A84-4EEE-BA2A-69247FA5529E}.Debug|Any CPU.Build.0 = Debug|Any CPU
		{3CF6F507-6A84-4EEE-BA2A-69247FA5529E}.Release|Any CPU.ActiveCfg = Release|Any CPU
		{3CF6F507-6A84-4EEE-BA2A-69247FA5529E}.Release|Any CPU.Build.0 = Release|Any CPU
	EndGlobalSection
	GlobalSection(SolutionProperties) = preSolution
		HideSolutionNode = FALSE
	EndGlobalSection
	GlobalSection(ExtensibilityGlobals) = postSolution
		SolutionGuid = {AEAF29C7-D0D1-4FEF-AC3F-0B9C7D7D1C7E}
	EndGlobalSection
EndGlobal
